
Microsoft Visual Studio Solution File, Format Version 12.00
# Visual Studio 15
VisualStudioVersion = 15.0.26730.15
MinimumVisualStudioVersion = 10.0.40219.1
Project("{FAE04EC0-301F-11D3-BF4B-00C04F79EFBC}") = "WcfCircleService140917", "WcfCircleService140917\WcfCircleService140917.csproj", "{58CA568E-58B1-40FA-9DE8-4C7BF03AA4BD}"
EndProject
Global
	GlobalSection(SolutionConfigurationPlatforms) = preSolution
		Debug|Any CPU = Debug|Any CPU
		Release|Any CPU = Release|Any CPU
	EndGlobalSection
	GlobalSection(ProjectConfigurationPlatforms) = postSolution
		{58CA568E-58B1-40FA-9DE8-4C7BF03AA4BD}.Debug|Any CPU.ActiveCfg = Debug|Any CPU
		{58CA568E-58B1-40FA-9DE8-4C7BF03AA4BD}.Debug|Any CPU.Build.0 = Debug|Any CPU
		{58CA568E-58B1-40FA-9DE8-4C7BF03AA4BD}.Release|Any CPU.ActiveCfg = Release|Any CPU
		{58CA568E-58B1-40FA-9DE8-4C7BF03AA4BD}.Release|Any CPU.Build.0 = Release|Any CPU
	EndGlobalSection
	GlobalSection(SolutionProperties) = preSolution
		HideSolutionNode = FALSE
	EndGlobalSection
	GlobalSection(ExtensibilityGlobals) = postSolution
		SolutionGuid = {83DA34C8-A3C2-4677-882F-6A4D990C7473}
	EndGlobalSection
EndGlobal
